
Microsoft Visual Studio Solution File, Format Version 12.00
# Visual Studio Version 17
VisualStudioVersion = 17.3.32901.215
MinimumVisualStudioVersion = 10.0.40219.1
Project("{FAE04EC0-301F-11D3-BF4B-00C04F79EFBC}") = "FVKR", "FVKR\FVKR.csproj", "{7427F186-9BEB-40AD-A3F0-33D4D7B116E9}"
EndProject
Project("{FAE04EC0-301F-11D3-BF4B-00C04F79EFBC}") = "fvkrTests", "UnitTestProject1\fvkrTests.csproj", "{F94EC2D5-B4E8-41E3-B3BF-C5132D2CCB26}"
EndProject
Global
	GlobalSection(SolutionConfigurationPlatforms) = preSolution
		Debug|Any CPU = Debug|Any CPU
		Release|Any CPU = Release|Any CPU
	EndGlobalSection
	GlobalSection(ProjectConfigurationPlatforms) = postSolution
		{7427F186-9BEB-40AD-A3F0-33D4D7B116E9}.Debug|Any CPU.ActiveCfg = Debug|Any CPU
		{7427F186-9BEB-40AD-A3F0-33D4D7B116E9}.Debug|Any CPU.Build.0 = Debug|Any CPU
		{7427F186-9BEB-40AD-A3F0-33D4D7B116E9}.Release|Any CPU.ActiveCfg = Release|Any CPU
		{7427F186-9BEB-40AD-A3F0-33D4D7B116E9}.Release|Any CPU.Build.0 = Release|Any CPU
		{F94EC2D5-B4E8-41E3-B3BF-C5132D2CCB26}.Debug|Any CPU.ActiveCfg = Debug|Any CPU
		{F94EC2D5-B4E8-41E3-B3BF-C5132D2CCB26}.Debug|Any CPU.Build.0 = Debug|Any CPU
		{F94EC2D5-B4E8-41E3-B3BF-C5132D2CCB26}.Release|Any CPU.ActiveCfg = Release|Any CPU
		{F94EC2D5-B4E8-41E3-B3BF-C5132D2CCB26}.Release|Any CPU.Build.0 = Release|Any CPU
	EndGlobalSection
	GlobalSection(SolutionProperties) = preSolution
		HideSolutionNode = FALSE
	EndGlobalSection
	GlobalSection(ExtensibilityGlobals) = postSolution
		SolutionGuid = {21BD3ED7-C0B3-49ED-B50A-5E0C2B08EAFC}
	EndGlobalSection
EndGlobal
